# THIS IS AN AUTOGENERATED FILE. DO NOT EDIT THIS FILE DIRECTLY.
# yarn lockfile v1


"@types/irc@^0.5.1":
  version "0.5.1"
  resolved "https://registry.yarnpkg.com/@types/irc/-/irc-0.5.1.tgz#5fa44f9eaa94a30f87b72343fbbe21f1c243a4dd"
  integrity sha512-lc0v1lY6OHkyrX/gJH8fRIeN1KBkyBF6Ot6mOUK0ontnzXJIOA2D3/ggrT6eZS3p/lp+kOUBtw30B1/rHBZbog==
  dependencies:
    "@types/node" "*"

"@types/node@*":
  version "18.8.0"
  resolved "https://registry.yarnpkg.com/@types/node/-/node-18.8.0.tgz#b8ee8d83a99470c0661bd899417fcd77060682fe"
  integrity sha512-u+h43R6U8xXDt2vzUaVP3VwjjLyOJk6uEciZS8OSyziUQGOwmk+l+4drxcsDboHXwyTaqS1INebghmWMRxq3LA==

node-irc@^0.0.5:
  version "0.0.5"
  resolved "https://registry.yarnpkg.com/node-irc/-/node-irc-0.0.5.tgz#a79f747b9dd40fa8ae0c03d565a64d43451e8d14"
  integrity sha512-2K1tSLIz4zKn9s78AYRPuWRdAVqHH5ZebRHqzYSCaW8ZDcOemxUfWCrvf9RPAudQsiG3ZiHEQfNFSG5qVxkwrA==
  optionalDependencies:
    proxysocket "^1.2.0"

proxysocket@^1.2.0:
  version "1.2.0"
  resolved "https://registry.yarnpkg.com/proxysocket/-/proxysocket-1.2.0.tgz#0d654c36754a40421e7e65971d62fe1f1a6938b7"
  integrity sha512-9QhaRGSmWMeCV+XdmAPvhRYOQTwi89gWa49ZWoPoVgGLMHGxjcJi1jtRq0wPQ1D0NUm64XCxBwoyU3M3+LzfeA==

typescript@^4.8.4:
  version "4.8.4"
  resolved "https://registry.yarnpkg.com/typescript/-/typescript-4.8.4.tgz#c464abca159669597be5f96b8943500b238e60e6"
  integrity sha512-QCh+85mCy+h0IGff8r5XWzOVSbBO+KfeYrMQh7NJ58QujwcE22u+NUSmUxqF+un70P9GXKxa2HCNiTTMJknyjQ==
